
Microsoft Visual Studio Solution File, Format Version 12.00
# Visual Studio Version 17
VisualStudioVersion = 17.4.33122.133
MinimumVisualStudioVersion = 10.0.40219.1
Project("{2150E333-8FDC-42A3-9474-1A3956D46DE8}") = "Git", "Git", "{CB26356F-6A6A-4B13-BD95-672A8AF24518}"
	ProjectSection(SolutionItems) = preProject
		.gitignore = .gitignore
		LICENSE.txt = LICENSE.txt
		Readme.md = Readme.md
	EndProjectSection
EndProject
Project("{9A19103F-16F7-4668-BE54-9A1E7A4F7556}") = "Mongo.Migration", "Mongo.Migration\Mongo.Migration.csproj", "{8DFFD615-1E1A-4BED-8A96-CAF4C3637E81}"
EndProject
Project("{FAE04EC0-301F-11D3-BF4B-00C04F79EFBC}") = "Mongo.Migration.Test", "Mongo.Migration.Test\Mongo.Migration.Test.csproj", "{5A168879-B891-40A2-B3AB-0CF2022FDE89}"
EndProject
Global
	GlobalSection(SolutionConfigurationPlatforms) = preSolution
		Debug|Any CPU = Debug|Any CPU
		Debug|x64 = Debug|x64
		Release|Any CPU = Release|Any CPU
		Release|x64 = Release|x64
	EndGlobalSection
	GlobalSection(ProjectConfigurationPlatforms) = postSolution
		{8DFFD615-1E1A-4BED-8A96-CAF4C3637E81}.Debug|Any CPU.ActiveCfg = Debug|x64
		{8DFFD615-1E1A-4BED-8A96-CAF4C3637E81}.Debug|Any CPU.Build.0 = Debug|x64
		{8DFFD615-1E1A-4BED-8A96-CAF4C3637E81}.Debug|x64.ActiveCfg = Debug|x64
		{8DFFD615-1E1A-4BED-8A96-CAF4C3637E81}.Debug|x64.Build.0 = Debug|x64
		{8DFFD615-1E1A-4BED-8A96-CAF4C3637E81}.Release|Any CPU.ActiveCfg = Release|Any CPU
		{8DFFD615-1E1A-4BED-8A96-CAF4C3637E81}.Release|Any CPU.Build.0 = Release|Any CPU
		{8DFFD615-1E1A-4BED-8A96-CAF4C3637E81}.Release|x64.ActiveCfg = Release|x64
		{8DFFD615-1E1A-4BED-8A96-CAF4C3637E81}.Release|x64.Build.0 = Release|x64
		{5A168879-B891-40A2-B3AB-0CF2022FDE89}.Debug|Any CPU.ActiveCfg = Debug|Any CPU
		{5A168879-B891-40A2-B3AB-0CF2022FDE89}.Debug|Any CPU.Build.0 = Debug|Any CPU
		{5A168879-B891-40A2-B3AB-0CF2022FDE89}.Debug|x64.ActiveCfg = Debug|Any CPU
		{5A168879-B891-40A2-B3AB-0CF2022FDE89}.Debug|x64.Build.0 = Debug|Any CPU
		{5A168879-B891-40A2-B3AB-0CF2022FDE89}.Release|Any CPU.ActiveCfg = Release|Any CPU
		{5A168879-B891-40A2-B3AB-0CF2022FDE89}.Release|Any CPU.Build.0 = Release|Any CPU
		{5A168879-B891-40A2-B3AB-0CF2022FDE89}.Release|x64.ActiveCfg = Release|Any CPU
		{5A168879-B891-40A2-B3AB-0CF2022FDE89}.Release|x64.Build.0 = Release|Any CPU
	EndGlobalSection
	GlobalSection(SolutionProperties) = preSolution
		HideSolutionNode = FALSE
	EndGlobalSection
	GlobalSection(ExtensibilityGlobals) = postSolution
		SolutionGuid = {141CC212-9A27-4082-94E7-A80340DFDF4C}
	EndGlobalSection
EndGlobal
