
Microsoft Visual Studio Solution File, Format Version 12.00
# Visual Studio 15
VisualStudioVersion = 15.0.26430.15
MinimumVisualStudioVersion = 10.0.40219.1
Project("{FAE04EC0-301F-11D3-BF4B-00C04F79EFBC}") = "Mongo.Migration", "Mongo.Migration\Mongo.Migration.csproj", "{6D7736C2-BF1B-4552-A56C-C225F9F33588}"
EndProject
Project("{FAE04EC0-301F-11D3-BF4B-00C04F79EFBC}") = "Mongo.Migration.Test", "Mongo.Migration.Test\Mongo.Migration.Test.csproj", "{8EDF4429-251A-416D-BB68-93F227191BCF}"
EndProject
Project("{FAE04EC0-301F-11D3-BF4B-00C04F79EFBC}") = "Mongo.Migration.Demo", "Mongo.Migration.Demo\Mongo.Migration.Demo.csproj", "{4EEB72CC-4663-460F-A93B-58400E6898C9}"
EndProject
Project("{2150E333-8FDC-42A3-9474-1A3956D46DE8}") = "Git", "Git", "{CB26356F-6A6A-4B13-BD95-672A8AF24518}"
	ProjectSection(SolutionItems) = preProject
		.gitignore = .gitignore
		LICENSE.txt = LICENSE.txt
		Readme.md = Readme.md
	EndProjectSection
EndProject
Project("{2150E333-8FDC-42A3-9474-1A3956D46DE8}") = "AppVeyor", "AppVeyor", "{7238F7C1-C649-4E65-9F76-F27AF2C620CF}"
	ProjectSection(SolutionItems) = preProject
		appveyor.yml = appveyor.yml
		post_build.cmd = post_build.cmd
	EndProjectSection
EndProject
Project("{2150E333-8FDC-42A3-9474-1A3956D46DE8}") = "Information", "Information", "{11D545C6-1ED2-428C-94FA-B9DA0758F7DA}"
	ProjectSection(SolutionItems) = preProject
		Todo.txt = Todo.txt
	EndProjectSection
EndProject
Project("{2150E333-8FDC-42A3-9474-1A3956D46DE8}") = "Demo", "Demo", "{DB219944-127E-489A-9C06-1121DB9C17AD}"
EndProject
Project("{FAE04EC0-301F-11D3-BF4B-00C04F79EFBC}") = "Mongo.Migration.Demo.Model", "Mongo.Migration.Demo.Model\Mongo.Migration.Demo.Model.csproj", "{8E153CCE-D7FB-4F39-B840-86AA9F4E165E}"
EndProject
Project("{FAE04EC0-301F-11D3-BF4B-00C04F79EFBC}") = "Mongo.Migration.Demo.MongoMigrations", "Mongo.Migration.Demo.Migrations\Mongo.Migration.Demo.MongoMigrations.csproj", "{71448FB3-5F4F-4BE1-A019-B68E35CB3DA6}"
EndProject
Project("{FAE04EC0-301F-11D3-BF4B-00C04F79EFBC}") = "Mongo.Migration.Demo.Performance.Console", "Mongo.Migration.Demo.Performance.Console\Mongo.Migration.Demo.Performance.Console.csproj", "{E571258E-54B6-4AEE-816E-B53E48485759}"
EndProject
Global
	GlobalSection(SolutionConfigurationPlatforms) = preSolution
		Debug|Any CPU = Debug|Any CPU
		Release|Any CPU = Release|Any CPU
	EndGlobalSection
	GlobalSection(ProjectConfigurationPlatforms) = postSolution
		{6D7736C2-BF1B-4552-A56C-C225F9F33588}.Debug|Any CPU.ActiveCfg = Debug|Any CPU
		{6D7736C2-BF1B-4552-A56C-C225F9F33588}.Debug|Any CPU.Build.0 = Debug|Any CPU
		{6D7736C2-BF1B-4552-A56C-C225F9F33588}.Release|Any CPU.ActiveCfg = Release|Any CPU
		{6D7736C2-BF1B-4552-A56C-C225F9F33588}.Release|Any CPU.Build.0 = Release|Any CPU
		{8EDF4429-251A-416D-BB68-93F227191BCF}.Debug|Any CPU.ActiveCfg = Debug|Any CPU
		{8EDF4429-251A-416D-BB68-93F227191BCF}.Debug|Any CPU.Build.0 = Debug|Any CPU
		{8EDF4429-251A-416D-BB68-93F227191BCF}.Release|Any CPU.ActiveCfg = Release|Any CPU
		{8EDF4429-251A-416D-BB68-93F227191BCF}.Release|Any CPU.Build.0 = Release|Any CPU
		{4EEB72CC-4663-460F-A93B-58400E6898C9}.Debug|Any CPU.ActiveCfg = Debug|Any CPU
		{4EEB72CC-4663-460F-A93B-58400E6898C9}.Debug|Any CPU.Build.0 = Debug|Any CPU
		{4EEB72CC-4663-460F-A93B-58400E6898C9}.Release|Any CPU.ActiveCfg = Release|Any CPU
		{4EEB72CC-4663-460F-A93B-58400E6898C9}.Release|Any CPU.Build.0 = Release|Any CPU
		{8E153CCE-D7FB-4F39-B840-86AA9F4E165E}.Debug|Any CPU.ActiveCfg = Debug|Any CPU
		{8E153CCE-D7FB-4F39-B840-86AA9F4E165E}.Debug|Any CPU.Build.0 = Debug|Any CPU
		{8E153CCE-D7FB-4F39-B840-86AA9F4E165E}.Release|Any CPU.ActiveCfg = Release|Any CPU
		{8E153CCE-D7FB-4F39-B840-86AA9F4E165E}.Release|Any CPU.Build.0 = Release|Any CPU
		{71448FB3-5F4F-4BE1-A019-B68E35CB3DA6}.Debug|Any CPU.ActiveCfg = Debug|Any CPU
		{71448FB3-5F4F-4BE1-A019-B68E35CB3DA6}.Debug|Any CPU.Build.0 = Debug|Any CPU
		{71448FB3-5F4F-4BE1-A019-B68E35CB3DA6}.Release|Any CPU.ActiveCfg = Release|Any CPU
		{71448FB3-5F4F-4BE1-A019-B68E35CB3DA6}.Release|Any CPU.Build.0 = Release|Any CPU
		{E571258E-54B6-4AEE-816E-B53E48485759}.Debug|Any CPU.ActiveCfg = Debug|Any CPU
		{E571258E-54B6-4AEE-816E-B53E48485759}.Debug|Any CPU.Build.0 = Debug|Any CPU
		{E571258E-54B6-4AEE-816E-B53E48485759}.Release|Any CPU.ActiveCfg = Release|Any CPU
		{E571258E-54B6-4AEE-816E-B53E48485759}.Release|Any CPU.Build.0 = Release|Any CPU
	EndGlobalSection
	GlobalSection(SolutionProperties) = preSolution
		HideSolutionNode = FALSE
	EndGlobalSection
	GlobalSection(NestedProjects) = preSolution
		{4EEB72CC-4663-460F-A93B-58400E6898C9} = {DB219944-127E-489A-9C06-1121DB9C17AD}
		{8E153CCE-D7FB-4F39-B840-86AA9F4E165E} = {DB219944-127E-489A-9C06-1121DB9C17AD}
		{71448FB3-5F4F-4BE1-A019-B68E35CB3DA6} = {DB219944-127E-489A-9C06-1121DB9C17AD}
		{E571258E-54B6-4AEE-816E-B53E48485759} = {DB219944-127E-489A-9C06-1121DB9C17AD}
	EndGlobalSection
EndGlobal
